// !$*UTF8*$!
{
	archiveVersion = 1;
	classes = {
	};
	objectVersion = 56;
	objects = {

/* Begin PBXBuildFile section */
		047C8C8C2B5106DD007EE2FC /* AppDelegate.swift in Sources */ = {isa = PBXBuildFile; fileRef = 047C8C8B2B5106DD007EE2FC /* AppDelegate.swift */; };
		047C8C8E2B5106DD007EE2FC /* SceneDelegate.swift in Sources */ = {isa = PBXBuildFile; fileRef = 047C8C8D2B5106DD007EE2FC /* SceneDelegate.swift */; };
		047C8C902B5106DD007EE2FC /* ViewController.swift in Sources */ = {isa = PBXBuildFile; fileRef = 047C8C8F2B5106DD007EE2FC /* ViewController.swift */; };
		047C8C932B5106DD007EE2FC /* Main.storyboard in Resources */ = {isa = PBXBuildFile; fileRef = 047C8C912B5106DD007EE2FC /* Main.storyboard */; };
		047C8C952B5106DF007EE2FC /* Assets.xcassets in Resources */ = {isa = PBXBuildFile; fileRef = 047C8C942B5106DF007EE2FC /* Assets.xcassets */; };
		047C8C982B5106DF007EE2FC /* LaunchScreen.storyboard in Resources */ = {isa = PBXBuildFile; fileRef = 047C8C962B5106DF007EE2FC /* LaunchScreen.storyboard */; };
		047C8CA32B5106DF007EE2FC /* AssignmentTests.swift in Sources */ = {isa = PBXBuildFile; fileRef = 047C8CA22B5106DF007EE2FC /* AssignmentTests.swift */; };
		047C8CAD2B5106DF007EE2FC /* AssignmentUITests.swift in Sources */ = {isa = PBXBuildFile; fileRef = 047C8CAC2B5106DF007EE2FC /* AssignmentUITests.swift */; };
		047C8CAF2B5106DF007EE2FC /* AssignmentUITestsLaunchTests.swift in Sources */ = {isa = PBXBuildFile; fileRef = 047C8CAE2B5106DF007EE2FC /* AssignmentUITestsLaunchTests.swift */; };
		4A07D06F2B51493000E01217 /* BaseNetworkManager.swift in Sources */ = {isa = PBXBuildFile; fileRef = 4A07D06E2B51493000E01217 /* BaseNetworkManager.swift */; };
		4A07D0722B51519600E01217 /* CurrencyViewController.swift in Sources */ = {isa = PBXBuildFile; fileRef = 4A07D0702B51519600E01217 /* CurrencyViewController.swift */; };
		4A07D0732B51519600E01217 /* CurrencyViewController.xib in Resources */ = {isa = PBXBuildFile; fileRef = 4A07D0712B51519600E01217 /* CurrencyViewController.xib */; };
		4A07D0762B51564300E01217 /* GenericClass.swift in Sources */ = {isa = PBXBuildFile; fileRef = 4A07D0752B51564300E01217 /* GenericClass.swift */; };
		4A07D0782B51570C00E01217 /* Constant.swift in Sources */ = {isa = PBXBuildFile; fileRef = 4A07D0772B51570C00E01217 /* Constant.swift */; };
		4A07D07A2B515AA900E01217 /* CurrencyNetworkFile.swift in Sources */ = {isa = PBXBuildFile; fileRef = 4A07D0792B515AA900E01217 /* CurrencyNetworkFile.swift */; };
/* End PBXBuildFile section */

/* Begin PBXContainerItemProxy section */
		047C8C9F2B5106DF007EE2FC /* PBXContainerItemProxy */ = {
			isa = PBXContainerItemProxy;
			containerPortal = 047C8C802B5106DD007EE2FC /* Project object */;
			proxyType = 1;
			remoteGlobalIDString = 047C8C872B5106DD007EE2FC;
			remoteInfo = Assignment;
		};
		047C8CA92B5106DF007EE2FC /* PBXContainerItemProxy */ = {
			isa = PBXContainerItemProxy;
			containerPortal = 047C8C802B5106DD007EE2FC /* Project object */;
			proxyType = 1;
			remoteGlobalIDString = 047C8C872B5106DD007EE2FC;
			remoteInfo = Assignment;
		};
/* End PBXContainerItemProxy section */

/* Begin PBXFileReference section */
		047C8C882B5106DD007EE2FC /* Assignment.app */ = {isa = PBXFileReference; explicitFileType = wrapper.application; includeInIndex = 0; path = Assignment.app; sourceTree = BUILT_PRODUCTS_DIR; };
		047C8C8B2B5106DD007EE2FC /* AppDelegate.swift */ = {isa = PBXFileReference; lastKnownFileType = sourcecode.swift; path = AppDelegate.swift; sourceTree = "<group>"; };
		047C8C8D2B5106DD007EE2FC /* SceneDelegate.swift */ = {isa = PBXFileReference; lastKnownFileType = sourcecode.swift; path = SceneDelegate.swift; sourceTree = "<group>"; };
		047C8C8F2B5106DD007EE2FC /* ViewController.swift */ = {isa = PBXFileReference; lastKnownFileType = sourcecode.swift; path = ViewController.swift; sourceTree = "<group>"; };
		047C8C922B5106DD007EE2FC /* Base */ = {isa = PBXFileReference; lastKnownFileType = file.storyboard; name = Base; path = Base.lproj/Main.storyboard; sourceTree = "<group>"; };
		047C8C942B5106DF007EE2FC /* Assets.xcassets */ = {isa = PBXFileReference; lastKnownFileType = folder.assetcatalog; path = Assets.xcassets; sourceTree = "<group>"; };
		047C8C972B5106DF007EE2FC /* Base */ = {isa = PBXFileReference; lastKnownFileType = file.storyboard; name = Base; path = Base.lproj/LaunchScreen.storyboard; sourceTree = "<group>"; };
		047C8C992B5106DF007EE2FC /* Info.plist */ = {isa = PBXFileReference; lastKnownFileType = text.plist.xml; path = Info.plist; sourceTree = "<group>"; };
		047C8C9E2B5106DF007EE2FC /* AssignmentTests.xctest */ = {isa = PBXFileReference; explicitFileType = wrapper.cfbundle; includeInIndex = 0; path = AssignmentTests.xctest; sourceTree = BUILT_PRODUCTS_DIR; };
		047C8CA22B5106DF007EE2FC /* AssignmentTests.swift */ = {isa = PBXFileReference; lastKnownFileType = sourcecode.swift; path = AssignmentTests.swift; sourceTree = "<group>"; };
		047C8CA82B5106DF007EE2FC /* AssignmentUITests.xctest */ = {isa = PBXFileReference; explicitFileType = wrapper.cfbundle; includeInIndex = 0; path = AssignmentUITests.xctest; sourceTree = BUILT_PRODUCTS_DIR; };
		047C8CAC2B5106DF007EE2FC /* AssignmentUITests.swift */ = {isa = PBXFileReference; lastKnownFileType = sourcecode.swift; path = AssignmentUITests.swift; sourceTree = "<group>"; };
		047C8CAE2B5106DF007EE2FC /* AssignmentUITestsLaunchTests.swift */ = {isa = PBXFileReference; lastKnownFileType = sourcecode.swift; path = AssignmentUITestsLaunchTests.swift; sourceTree = "<group>"; };
		4A07D06E2B51493000E01217 /* BaseNetworkManager.swift */ = {isa = PBXFileReference; lastKnownFileType = sourcecode.swift; path = BaseNetworkManager.swift; sourceTree = "<group>"; };
		4A07D0702B51519600E01217 /* CurrencyViewController.swift */ = {isa = PBXFileReference; lastKnownFileType = sourcecode.swift; path = CurrencyViewController.swift; sourceTree = "<group>"; };
		4A07D0712B51519600E01217 /* CurrencyViewController.xib */ = {isa = PBXFileReference; lastKnownFileType = file.xib; path = CurrencyViewController.xib; sourceTree = "<group>"; };
		4A07D0752B51564300E01217 /* GenericClass.swift */ = {isa = PBXFileReference; lastKnownFileType = sourcecode.swift; path = GenericClass.swift; sourceTree = "<group>"; };
		4A07D0772B51570C00E01217 /* Constant.swift */ = {isa = PBXFileReference; lastKnownFileType = sourcecode.swift; path = Constant.swift; sourceTree = "<group>"; };
		4A07D0792B515AA900E01217 /* CurrencyNetworkFile.swift */ = {isa = PBXFileReference; lastKnownFileType = sourcecode.swift; path = CurrencyNetworkFile.swift; sourceTree = "<group>"; };
/* End PBXFileReference section */

/* Begin PBXFrameworksBuildPhase section */
		047C8C852B5106DD007EE2FC /* Frameworks */ = {
			isa = PBXFrameworksBuildPhase;
			buildActionMask = 2147483647;
			files = (
			);
			runOnlyForDeploymentPostprocessing = 0;
		};
		047C8C9B2B5106DF007EE2FC /* Frameworks */ = {
			isa = PBXFrameworksBuildPhase;
			buildActionMask = 2147483647;
			files = (
			);
			runOnlyForDeploymentPostprocessing = 0;
		};
		047C8CA52B5106DF007EE2FC /* Frameworks */ = {
			isa = PBXFrameworksBuildPhase;
			buildActionMask = 2147483647;
			files = (
			);
			runOnlyForDeploymentPostprocessing = 0;
		};
/* End PBXFrameworksBuildPhase section */

/* Begin PBXGroup section */
		047C8C7F2B5106DD007EE2FC = {
			isa = PBXGroup;
			children = (
				047C8C8A2B5106DD007EE2FC /* Assignment */,
				047C8CA12B5106DF007EE2FC /* AssignmentTests */,
				047C8CAB2B5106DF007EE2FC /* AssignmentUITests */,
				047C8C892B5106DD007EE2FC /* Products */,
			);
			sourceTree = "<group>";
		};
		047C8C892B5106DD007EE2FC /* Products */ = {
			isa = PBXGroup;
			children = (
				047C8C882B5106DD007EE2FC /* Assignment.app */,
				047C8C9E2B5106DF007EE2FC /* AssignmentTests.xctest */,
				047C8CA82B5106DF007EE2FC /* AssignmentUITests.xctest */,
			);
			name = Products;
			sourceTree = "<group>";
		};
		047C8C8A2B5106DD007EE2FC /* Assignment */ = {
			isa = PBXGroup;
			children = (
				4A07D0742B51562300E01217 /* CommonFile */,
				4A07D06D2B5147CA00E01217 /* API Helper */,
				4A07D06C2B51476000E01217 /* Currency */,
				4A07D06B2B51475000E01217 /* Calculator */,
				047C8CBB2B5107EF007EE2FC /* AppDelegates */,
				047C8C8F2B5106DD007EE2FC /* ViewController.swift */,
				047C8C912B5106DD007EE2FC /* Main.storyboard */,
				047C8C942B5106DF007EE2FC /* Assets.xcassets */,
				047C8C962B5106DF007EE2FC /* LaunchScreen.storyboard */,
				047C8C992B5106DF007EE2FC /* Info.plist */,
			);
			path = Assignment;
			sourceTree = "<group>";
		};
		047C8CA12B5106DF007EE2FC /* AssignmentTests */ = {
			isa = PBXGroup;
			children = (
				047C8CA22B5106DF007EE2FC /* AssignmentTests.swift */,
			);
			path = AssignmentTests;
			sourceTree = "<group>";
		};
		047C8CAB2B5106DF007EE2FC /* AssignmentUITests */ = {
			isa = PBXGroup;
			children = (
				047C8CAC2B5106DF007EE2FC /* AssignmentUITests.swift */,
				047C8CAE2B5106DF007EE2FC /* AssignmentUITestsLaunchTests.swift */,
			);
			path = AssignmentUITests;
			sourceTree = "<group>";
		};
		047C8CBB2B5107EF007EE2FC /* AppDelegates */ = {
			isa = PBXGroup;
			children = (
				047C8C8B2B5106DD007EE2FC /* AppDelegate.swift */,
				047C8C8D2B5106DD007EE2FC /* SceneDelegate.swift */,
			);
			path = AppDelegates;
			sourceTree = "<group>";
		};
		4A07D06B2B51475000E01217 /* Calculator */ = {
			isa = PBXGroup;
			children = (
			);
			path = Calculator;
			sourceTree = "<group>";
		};
		4A07D06C2B51476000E01217 /* Currency */ = {
			isa = PBXGroup;
			children = (
				4A07D0702B51519600E01217 /* CurrencyViewController.swift */,
				4A07D0712B51519600E01217 /* CurrencyViewController.xib */,
			);
			path = Currency;
			sourceTree = "<group>";
		};
		4A07D06D2B5147CA00E01217 /* API Helper */ = {
			isa = PBXGroup;
			children = (
				4A07D06E2B51493000E01217 /* BaseNetworkManager.swift */,
				4A07D0792B515AA900E01217 /* CurrencyNetworkFile.swift */,
			);
			path = "API Helper";
			sourceTree = "<group>";
		};
		4A07D0742B51562300E01217 /* CommonFile */ = {
			isa = PBXGroup;
			children = (
				4A07D0752B51564300E01217 /* GenericClass.swift */,
				4A07D0772B51570C00E01217 /* Constant.swift */,
			);
			path = CommonFile;
			sourceTree = "<group>";
		};
/* End PBXGroup section */

/* Begin PBXNativeTarget section */
		047C8C872B5106DD007EE2FC /* Assignment */ = {
			isa = PBXNativeTarget;
			buildConfigurationList = 047C8CB22B5106DF007EE2FC /* Build configuration list for PBXNativeTarget "Assignment" */;
			buildPhases = (
				047C8C842B5106DD007EE2FC /* Sources */,
				047C8C852B5106DD007EE2FC /* Frameworks */,
				047C8C862B5106DD007EE2FC /* Resources */,
			);
			buildRules = (
			);
			dependencies = (
			);
			name = Assignment;
			productName = Assignment;
			productReference = 047C8C882B5106DD007EE2FC /* Assignment.app */;
			productType = "com.apple.product-type.application";
		};
		047C8C9D2B5106DF007EE2FC /* AssignmentTests */ = {
			isa = PBXNativeTarget;
			buildConfigurationList = 047C8CB52B5106DF007EE2FC /* Build configuration list for PBXNativeTarget "AssignmentTests" */;
			buildPhases = (
				047C8C9A2B5106DF007EE2FC /* Sources */,
				047C8C9B2B5106DF007EE2FC /* Frameworks */,
				047C8C9C2B5106DF007EE2FC /* Resources */,
			);
			buildRules = (
			);
			dependencies = (
				047C8CA02B5106DF007EE2FC /* PBXTargetDependency */,
			);
			name = AssignmentTests;
			productName = AssignmentTests;
			productReference = 047C8C9E2B5106DF007EE2FC /* AssignmentTests.xctest */;
			productType = "com.apple.product-type.bundle.unit-test";
		};
		047C8CA72B5106DF007EE2FC /* AssignmentUITests */ = {
			isa = PBXNativeTarget;
			buildConfigurationList = 047C8CB82B5106DF007EE2FC /* Build configuration list for PBXNativeTarget "AssignmentUITests" */;
			buildPhases = (
				047C8CA42B5106DF007EE2FC /* Sources */,
				047C8CA52B5106DF007EE2FC /* Frameworks */,
				047C8CA62B5106DF007EE2FC /* Resources */,
			);
			buildRules = (
			);
			dependencies = (
				047C8CAA2B5106DF007EE2FC /* PBXTargetDependency */,
			);
			name = AssignmentUITests;
			productName = AssignmentUITests;
			productReference = 047C8CA82B5106DF007EE2FC /* AssignmentUITests.xctest */;
			productType = "com.apple.product-type.bundle.ui-testing";
		};
/* End PBXNativeTarget section */

/* Begin PBXProject section */
		047C8C802B5106DD007EE2FC /* Project object */ = {
			isa = PBXProject;
			attributes = {
				BuildIndependentTargetsInParallel = 1;
				LastSwiftUpdateCheck = 1500;
				LastUpgradeCheck = 1500;
				TargetAttributes = {
					047C8C872B5106DD007EE2FC = {
						CreatedOnToolsVersion = 15.0.1;
					};
					047C8C9D2B5106DF007EE2FC = {
						CreatedOnToolsVersion = 15.0.1;
						TestTargetID = 047C8C872B5106DD007EE2FC;
					};
					047C8CA72B5106DF007EE2FC = {
						CreatedOnToolsVersion = 15.0.1;
						TestTargetID = 047C8C872B5106DD007EE2FC;
					};
				};
			};
			buildConfigurationList = 047C8C832B5106DD007EE2FC /* Build configuration list for PBXProject "Assignment" */;
			compatibilityVersion = "Xcode 14.0";
			developmentRegion = en;
			hasScannedForEncodings = 0;
			knownRegions = (
				en,
				Base,
			);
			mainGroup = 047C8C7F2B5106DD007EE2FC;
			productRefGroup = 047C8C892B5106DD007EE2FC /* Products */;
			projectDirPath = "";
			projectRoot = "";
			targets = (
				047C8C872B5106DD007EE2FC /* Assignment */,
				047C8C9D2B5106DF007EE2FC /* AssignmentTests */,
				047C8CA72B5106DF007EE2FC /* AssignmentUITests */,
			);
		};
/* End PBXProject section */

/* Begin PBXResourcesBuildPhase section */
		047C8C862B5106DD007EE2FC /* Resources */ = {
			isa = PBXResourcesBuildPhase;
			buildActionMask = 2147483647;
			files = (
				047C8C982B5106DF007EE2FC /* LaunchScreen.storyboard in Resources */,
				4A07D0732B51519600E01217 /* CurrencyViewController.xib in Resources */,
				047C8C952B5106DF007EE2FC /* Assets.xcassets in Resources */,
				047C8C932B5106DD007EE2FC /* Main.storyboard in Resources */,
			);
			runOnlyForDeploymentPostprocessing = 0;
		};
		047C8C9C2B5106DF007EE2FC /* Resources */ = {
			isa = PBXResourcesBuildPhase;
			buildActionMask = 2147483647;
			files = (
			);
			runOnlyForDeploymentPostprocessing = 0;
		};
		047C8CA62B5106DF007EE2FC /* Resources */ = {
			isa = PBXResourcesBuildPhase;
			buildActionMask = 2147483647;
			files = (
			);
			runOnlyForDeploymentPostprocessing = 0;
		};
/* End PBXResourcesBuildPhase section */

/* Begin PBXSourcesBuildPhase section */
		047C8C842B5106DD007EE2FC /* Sources */ = {
			isa = PBXSourcesBuildPhase;
			buildActionMask = 2147483647;
			files = (
				4A07D0782B51570C00E01217 /* Constant.swift in Sources */,
				4A07D07A2B515AA900E01217 /* CurrencyNetworkFile.swift in Sources */,
				047C8C902B5106DD007EE2FC /* ViewController.swift in Sources */,
				047C8C8C2B5106DD007EE2FC /* AppDelegate.swift in Sources */,
				4A07D0762B51564300E01217 /* GenericClass.swift in Sources */,
				047C8C8E2B5106DD007EE2FC /* SceneDelegate.swift in Sources */,
				4A07D06F2B51493000E01217 /* BaseNetworkManager.swift in Sources */,
				4A07D0722B51519600E01217 /* CurrencyViewController.swift in Sources */,
			);
			runOnlyForDeploymentPostprocessing = 0;
		};
		047C8C9A2B5106DF007EE2FC /* Sources */ = {
			isa = PBXSourcesBuildPhase;
			buildActionMask = 2147483647;
			files = (
				047C8CA32B5106DF007EE2FC /* AssignmentTests.swift in Sources */,
			);
			runOnlyForDeploymentPostprocessing = 0;
		};
		047C8CA42B5106DF007EE2FC /* Sources */ = {
			isa = PBXSourcesBuildPhase;
			buildActionMask = 2147483647;
			files = (
				047C8CAD2B5106DF007EE2FC /* AssignmentUITests.swift in Sources */,
				047C8CAF2B5106DF007EE2FC /* AssignmentUITestsLaunchTests.swift in Sources */,
			);
			runOnlyForDeploymentPostprocessing = 0;
		};
/* End PBXSourcesBuildPhase section */

/* Begin PBXTargetDependency section */
		047C8CA02B5106DF007EE2FC /* PBXTargetDependency */ = {
			isa = PBXTargetDependency;
			target = 047C8C872B5106DD007EE2FC /* Assignment */;
			targetProxy = 047C8C9F2B5106DF007EE2FC /* PBXContainerItemProxy */;
		};
		047C8CAA2B5106DF007EE2FC /* PBXTargetDependency */ = {
			isa = PBXTargetDependency;
			target = 047C8C872B5106DD007EE2FC /* Assignment */;
			targetProxy = 047C8CA92B5106DF007EE2FC /* PBXContainerItemProxy */;
		};
/* End PBXTargetDependency section */

/* Begin PBXVariantGroup section */
		047C8C912B5106DD007EE2FC /* Main.storyboard */ = {
			isa = PBXVariantGroup;
			children = (
				047C8C922B5106DD007EE2FC /* Base */,
			);
			name = Main.storyboard;
			sourceTree = "<group>";
		};
		047C8C962B5106DF007EE2FC /* LaunchScreen.storyboard */ = {
			isa = PBXVariantGroup;
			children = (
				047C8C972B5106DF007EE2FC /* Base */,
			);
			name = LaunchScreen.storyboard;
			sourceTree = "<group>";
		};
/* End PBXVariantGroup section */

/* Begin XCBuildConfiguration section */
		047C8CB02B5106DF007EE2FC /* Debug */ = {
			isa = XCBuildConfiguration;
			buildSettings = {
				ALWAYS_SEARCH_USER_PATHS = NO;
				ASSETCATALOG_COMPILER_GENERATE_SWIFT_ASSET_SYMBOL_EXTENSIONS = YES;
				CLANG_ANALYZER_NONNULL = YES;
				CLANG_ANALYZER_NUMBER_OBJECT_CONVERSION = YES_AGGRESSIVE;
				CLANG_CXX_LANGUAGE_STANDARD = "gnu++20";
				CLANG_ENABLE_MODULES = YES;
				CLANG_ENABLE_OBJC_ARC = YES;
				CLANG_ENABLE_OBJC_WEAK = YES;
				CLANG_WARN_BLOCK_CAPTURE_AUTORELEASING = YES;
				CLANG_WARN_BOOL_CONVERSION = YES;
				CLANG_WARN_COMMA = YES;
				CLANG_WARN_CONSTANT_CONVERSION = YES;
				CLANG_WARN_DEPRECATED_OBJC_IMPLEMENTATIONS = YES;
				CLANG_WARN_DIRECT_OBJC_ISA_USAGE = YES_ERROR;
				CLANG_WARN_DOCUMENTATION_COMMENTS = YES;
				CLANG_WARN_EMPTY_BODY = YES;
				CLANG_WARN_ENUM_CONVERSION = YES;
				CLANG_WARN_INFINITE_RECURSION = YES;
				CLANG_WARN_INT_CONVERSION = YES;
				CLANG_WARN_NON_LITERAL_NULL_CONVERSION = YES;
				CLANG_WARN_OBJC_IMPLICIT_RETAIN_SELF = YES;
				CLANG_WARN_OBJC_LITERAL_CONVERSION = YES;
				CLANG_WARN_OBJC_ROOT_CLASS = YES_ERROR;
				CLANG_WARN_QUOTED_INCLUDE_IN_FRAMEWORK_HEADER = YES;
				CLANG_WARN_RANGE_LOOP_ANALYSIS = YES;
				CLANG_WARN_STRICT_PROTOTYPES = YES;
				CLANG_WARN_SUSPICIOUS_MOVE = YES;
				CLANG_WARN_UNGUARDED_AVAILABILITY = YES_AGGRESSIVE;
				CLANG_WARN_UNREACHABLE_CODE = YES;
				CLANG_WARN__DUPLICATE_METHOD_MATCH = YES;
				COPY_PHASE_STRIP = NO;
				DEBUG_INFORMATION_FORMAT = dwarf;
				ENABLE_STRICT_OBJC_MSGSEND = YES;
				ENABLE_TESTABILITY = YES;
				ENABLE_USER_SCRIPT_SANDBOXING = YES;
				GCC_C_LANGUAGE_STANDARD = gnu17;
				GCC_DYNAMIC_NO_PIC = NO;
				GCC_NO_COMMON_BLOCKS = YES;
				GCC_OPTIMIZATION_LEVEL = 0;
				GCC_PREPROCESSOR_DEFINITIONS = (
					"DEBUG=1",
					"$(inherited)",
				);
				GCC_WARN_64_TO_32_BIT_CONVERSION = YES;
				GCC_WARN_ABOUT_RETURN_TYPE = YES_ERROR;
				GCC_WARN_UNDECLARED_SELECTOR = YES;
				GCC_WARN_UNINITIALIZED_AUTOS = YES_AGGRESSIVE;
				GCC_WARN_UNUSED_FUNCTION = YES;
				GCC_WARN_UNUSED_VARIABLE = YES;
				IPHONEOS_DEPLOYMENT_TARGET = 17.0;
				LOCALIZATION_PREFERS_STRING_CATALOGS = YES;
				MTL_ENABLE_DEBUG_INFO = INCLUDE_SOURCE;
				MTL_FAST_MATH = YES;
				ONLY_ACTIVE_ARCH = YES;
				SDKROOT = iphoneos;
				SWIFT_ACTIVE_COMPILATION_CONDITIONS = "DEBUG $(inherited)";
				SWIFT_OPTIMIZATION_LEVEL = "-Onone";
			};
			name = Debug;
		};
		047C8CB12B5106DF007EE2FC /* Release */ = {
			isa = XCBuildConfiguration;
			buildSettings = {
				ALWAYS_SEARCH_USER_PATHS = NO;
				ASSETCATALOG_COMPILER_GENERATE_SWIFT_ASSET_SYMBOL_EXTENSIONS = YES;
				CLANG_ANALYZER_NONNULL = YES;
				CLANG_ANALYZER_NUMBER_OBJECT_CONVERSION = YES_AGGRESSIVE;
				CLANG_CXX_LANGUAGE_STANDARD = "gnu++20";
				CLANG_ENABLE_MODULES = YES;
				CLANG_ENABLE_OBJC_ARC = YES;
				CLANG_ENABLE_OBJC_WEAK = YES;
				CLANG_WARN_BLOCK_CAPTURE_AUTORELEASING = YES;
				CLANG_WARN_BOOL_CONVERSION = YES;
				CLANG_WARN_COMMA = YES;
				CLANG_WARN_CONSTANT_CONVERSION = YES;
				CLANG_WARN_DEPRECATED_OBJC_IMPLEMENTATIONS = YES;
				CLANG_WARN_DIRECT_OBJC_ISA_USAGE = YES_ERROR;
				CLANG_WARN_DOCUMENTATION_COMMENTS = YES;
				CLANG_WARN_EMPTY_BODY = YES;
				CLANG_WARN_ENUM_CONVERSION = YES;
				CLANG_WARN_INFINITE_RECURSION = YES;
				CLANG_WARN_INT_CONVERSION = YES;
				CLANG_WARN_NON_LITERAL_NULL_CONVERSION = YES;
				CLANG_WARN_OBJC_IMPLICIT_RETAIN_SELF = YES;
				CLANG_WARN_OBJC_LITERAL_CONVERSION = YES;
				CLANG_WARN_OBJC_ROOT_CLASS = YES_ERROR;
				CLANG_WARN_QUOTED_INCLUDE_IN_FRAMEWORK_HEADER = YES;
				CLANG_WARN_RANGE_LOOP_ANALYSIS = YES;
				CLANG_WARN_STRICT_PROTOTYPES = YES;
				CLANG_WARN_SUSPICIOUS_MOVE = YES;
				CLANG_WARN_UNGUARDED_AVAILABILITY = YES_AGGRESSIVE;
				CLANG_WARN_UNREACHABLE_CODE = YES;
				CLANG_WARN__DUPLICATE_METHOD_MATCH = YES;
				COPY_PHASE_STRIP = NO;
				DEBUG_INFORMATION_FORMAT = "dwarf-with-dsym";
				ENABLE_NS_ASSERTIONS = NO;
				ENABLE_STRICT_OBJC_MSGSEND = YES;
				ENABLE_USER_SCRIPT_SANDBOXING = YES;
				GCC_C_LANGUAGE_STANDARD = gnu17;
				GCC_NO_COMMON_BLOCKS = YES;
				GCC_WARN_64_TO_32_BIT_CONVERSION = YES;
				GCC_WARN_ABOUT_RETURN_TYPE = YES_ERROR;
				GCC_WARN_UNDECLARED_SELECTOR = YES;
				GCC_WARN_UNINITIALIZED_AUTOS = YES_AGGRESSIVE;
				GCC_WARN_UNUSED_FUNCTION = YES;
				GCC_WARN_UNUSED_VARIABLE = YES;
				IPHONEOS_DEPLOYMENT_TARGET = 17.0;
				LOCALIZATION_PREFERS_STRING_CATALOGS = YES;
				MTL_ENABLE_DEBUG_INFO = NO;
				MTL_FAST_MATH = YES;
				SDKROOT = iphoneos;
				SWIFT_COMPILATION_MODE = wholemodule;
				VALIDATE_PRODUCT = YES;
			};
			name = Release;
		};
		047C8CB32B5106DF007EE2FC /* Debug */ = {
			isa = XCBuildConfiguration;
			buildSettings = {
				ASSETCATALOG_COMPILER_APPICON_NAME = AppIcon;
				ASSETCATALOG_COMPILER_GLOBAL_ACCENT_COLOR_NAME = AccentColor;
				CODE_SIGN_STYLE = Automatic;
				CURRENT_PROJECT_VERSION = 1;
				DEVELOPMENT_TEAM = 45G97QS8TD;
				GENERATE_INFOPLIST_FILE = YES;
				INFOPLIST_FILE = Assignment/Info.plist;
				INFOPLIST_KEY_UIApplicationSupportsIndirectInputEvents = YES;
				INFOPLIST_KEY_UILaunchStoryboardName = LaunchScreen;
				INFOPLIST_KEY_UIMainStoryboardFile = Main;
				INFOPLIST_KEY_UISupportedInterfaceOrientations_iPad = "UIInterfaceOrientationPortrait UIInterfaceOrientationPortraitUpsideDown UIInterfaceOrientationLandscapeLeft UIInterfaceOrientationLandscapeRight";
				INFOPLIST_KEY_UISupportedInterfaceOrientations_iPhone = "UIInterfaceOrientationPortrait UIInterfaceOrientationLandscapeLeft UIInterfaceOrientationLandscapeRight";
				LD_RUNPATH_SEARCH_PATHS = (
					"$(inherited)",
					"@executable_path/Frameworks",
				);
				MARKETING_VERSION = 1.0;
				PRODUCT_BUNDLE_IDENTIFIER = atuldhiman.Assignment;
				PRODUCT_NAME = "$(TARGET_NAME)";
				SWIFT_EMIT_LOC_STRINGS = YES;
				SWIFT_VERSION = 5.0;
				TARGETED_DEVICE_FAMILY = "1,2";
			};
			name = Debug;
		};
		047C8CB42B5106DF007EE2FC /* Release */ = {
			isa = XCBuildConfiguration;
			buildSettings = {
				ASSETCATALOG_COMPILER_APPICON_NAME = AppIcon;
				ASSETCATALOG_COMPILER_GLOBAL_ACCENT_COLOR_NAME = AccentColor;
				CODE_SIGN_STYLE = Automatic;
				CURRENT_PROJECT_VERSION = 1;
				DEVELOPMENT_TEAM = 45G97QS8TD;
				GENERATE_INFOPLIST_FILE = YES;
				INFOPLIST_FILE = Assignment/Info.plist;
				INFOPLIST_KEY_UIApplicationSupportsIndirectInputEvents = YES;
				INFOPLIST_KEY_UILaunchStoryboardName = LaunchScreen;
				INFOPLIST_KEY_UIMainStoryboardFile = Main;
				INFOPLIST_KEY_UISupportedInterfaceOrientations_iPad = "UIInterfaceOrientationPortrait UIInterfaceOrientationPortraitUpsideDown UIInterfaceOrientationLandscapeLeft UIInterfaceOrientationLandscapeRight";
				INFOPLIST_KEY_UISupportedInterfaceOrientations_iPhone = "UIInterfaceOrientationPortrait UIInterfaceOrientationLandscapeLeft UIInterfaceOrientationLandscapeRight";
				LD_RUNPATH_SEARCH_PATHS = (
					"$(inherited)",
					"@executable_path/Frameworks",
				);
				MARKETING_VERSION = 1.0;
				PRODUCT_BUNDLE_IDENTIFIER = atuldhiman.Assignment;
				PRODUCT_NAME = "$(TARGET_NAME)";
				SWIFT_EMIT_LOC_STRINGS = YES;
				SWIFT_VERSION = 5.0;
				TARGETED_DEVICE_FAMILY = "1,2";
			};
			name = Release;
		};
		047C8CB62B5106DF007EE2FC /* Debug */ = {
			isa = XCBuildConfiguration;
			buildSettings = {
				ALWAYS_EMBED_SWIFT_STANDARD_LIBRARIES = YES;
				BUNDLE_LOADER = "$(TEST_HOST)";
				CODE_SIGN_STYLE = Automatic;
				CURRENT_PROJECT_VERSION = 1;
				DEVELOPMENT_TEAM = 45G97QS8TD;
				GENERATE_INFOPLIST_FILE = YES;
				IPHONEOS_DEPLOYMENT_TARGET = 17.0;
				MARKETING_VERSION = 1.0;
				PRODUCT_BUNDLE_IDENTIFIER = atuldhiman.AssignmentTests;
				PRODUCT_NAME = "$(TARGET_NAME)";
				SWIFT_EMIT_LOC_STRINGS = NO;
				SWIFT_VERSION = 5.0;
				TARGETED_DEVICE_FAMILY = "1,2";
				TEST_HOST = "$(BUILT_PRODUCTS_DIR)/Assignment.app/$(BUNDLE_EXECUTABLE_FOLDER_PATH)/Assignment";
			};
			name = Debug;
		};
		047C8CB72B5106DF007EE2FC /* Release */ = {
			isa = XCBuildConfiguration;
			buildSettings = {
				ALWAYS_EMBED_SWIFT_STANDARD_LIBRARIES = YES;
				BUNDLE_LOADER = "$(TEST_HOST)";
				CODE_SIGN_STYLE = Automatic;
				CURRENT_PROJECT_VERSION = 1;
				DEVELOPMENT_TEAM = 45G97QS8TD;
				GENERATE_INFOPLIST_FILE = YES;
				IPHONEOS_DEPLOYMENT_TARGET = 17.0;
				MARKETING_VERSION = 1.0;
				PRODUCT_BUNDLE_IDENTIFIER = atuldhiman.AssignmentTests;
				PRODUCT_NAME = "$(TARGET_NAME)";
				SWIFT_EMIT_LOC_STRINGS = NO;
				SWIFT_VERSION = 5.0;
				TARGETED_DEVICE_FAMILY = "1,2";
				TEST_HOST = "$(BUILT_PRODUCTS_DIR)/Assignment.app/$(BUNDLE_EXECUTABLE_FOLDER_PATH)/Assignment";
			};
			name = Release;
		};
		047C8CB92B5106DF007EE2FC /* Debug */ = {
			isa = XCBuildConfiguration;
			buildSettings = {
				ALWAYS_EMBED_SWIFT_STANDARD_LIBRARIES = YES;
				CODE_SIGN_STYLE = Automatic;
				CURRENT_PROJECT_VERSION = 1;
				DEVELOPMENT_TEAM = 45G97QS8TD;
				GENERATE_INFOPLIST_FILE = YES;
				MARKETING_VERSION = 1.0;
				PRODUCT_BUNDLE_IDENTIFIER = atuldhiman.AssignmentUITests;
				PRODUCT_NAME = "$(TARGET_NAME)";
				SWIFT_EMIT_LOC_STRINGS = NO;
				SWIFT_VERSION = 5.0;
				TARGETED_DEVICE_FAMILY = "1,2";
				TEST_TARGET_NAME = Assignment;
			};
			name = Debug;
		};
		047C8CBA2B5106DF007EE2FC /* Release */ = {
			isa = XCBuildConfiguration;
			buildSettings = {
				ALWAYS_EMBED_SWIFT_STANDARD_LIBRARIES = YES;
				CODE_SIGN_STYLE = Automatic;
				CURRENT_PROJECT_VERSION = 1;
				DEVELOPMENT_TEAM = 45G97QS8TD;
				GENERATE_INFOPLIST_FILE = YES;
				MARKETING_VERSION = 1.0;
				PRODUCT_BUNDLE_IDENTIFIER = atuldhiman.AssignmentUITests;
				PRODUCT_NAME = "$(TARGET_NAME)";
				SWIFT_EMIT_LOC_STRINGS = NO;
				SWIFT_VERSION = 5.0;
				TARGETED_DEVICE_FAMILY = "1,2";
				TEST_TARGET_NAME = Assignment;
			};
			name = Release;
		};
/* End XCBuildConfiguration section */

/* Begin XCConfigurationList section */
		047C8C832B5106DD007EE2FC /* Build configuration list for PBXProject "Assignment" */ = {
			isa = XCConfigurationList;
			buildConfigurations = (
				047C8CB02B5106DF007EE2FC /* Debug */,
				047C8CB12B5106DF007EE2FC /* Release */,
			);
			defaultConfigurationIsVisible = 0;
			defaultConfigurationName = Release;
		};
		047C8CB22B5106DF007EE2FC /* Build configuration list for PBXNativeTarget "Assignment" */ = {
			isa = XCConfigurationList;
			buildConfigurations = (
				047C8CB32B5106DF007EE2FC /* Debug */,
				047C8CB42B5106DF007EE2FC /* Release */,
			);
			defaultConfigurationIsVisible = 0;
			defaultConfigurationName = Release;
		};
		047C8CB52B5106DF007EE2FC /* Build configuration list for PBXNativeTarget "AssignmentTests" */ = {
			isa = XCConfigurationList;
			buildConfigurations = (
				047C8CB62B5106DF007EE2FC /* Debug */,
				047C8CB72B5106DF007EE2FC /* Release */,
			);
			defaultConfigurationIsVisible = 0;
			defaultConfigurationName = Release;
		};
		047C8CB82B5106DF007EE2FC /* Build configuration list for PBXNativeTarget "AssignmentUITests" */ = {
			isa = XCConfigurationList;
			buildConfigurations = (
				047C8CB92B5106DF007EE2FC /* Debug */,
				047C8CBA2B5106DF007EE2FC /* Release */,
			);
			defaultConfigurationIsVisible = 0;
			defaultConfigurationName = Release;
		};
/* End XCConfigurationList section */
	};
	rootObject = 047C8C802B5106DD007EE2FC /* Project object */;
}
